
Microsoft Visual Studio Solution File, Format Version 12.00
# Visual Studio Version 17
VisualStudioVersion = 17.0.31903.59
MinimumVisualStudioVersion = 10.0.40219.1
Project("{2150E333-8FDC-42A3-9474-1A3956D46DE8}") = "src", "src", "{0043BAED-18DF-4C8D-81F7-8A2016EBCEEF}"
EndProject
Project("{FAE04EC0-301F-11D3-BF4B-00C04F79EFBC}") = "TransactionService.Api", "src\TransactionService.Api\TransactionService.Api.csproj", "{B095EB4C-66E5-4409-BB41-2B0F033DBA1C}"
EndProject
Project("{FAE04EC0-301F-11D3-BF4B-00C04F79EFBC}") = "TransactionService.Application", "src\TransactionService.Application\TransactionService.Application.csproj", "{3FBF2109-9C01-4365-93E4-5E350498BF6E}"
EndProject
Project("{FAE04EC0-301F-11D3-BF4B-00C04F79EFBC}") = "TransactionService.Domain", "src\TransactionService.Domain\TransactionService.Domain.csproj", "{5D9ED762-993B-4EC8-ADA1-B756B88F49B5}"
EndProject
Project("{FAE04EC0-301F-11D3-BF4B-00C04F79EFBC}") = "TransactionService.Infrastructure", "src\TransactionService.Infrastructure\TransactionService.Infrastructure.csproj", "{377AF8B5-8B31-4F94-AC04-E3E1799643F9}"
EndProject
Project("{2150E333-8FDC-42A3-9474-1A3956D46DE8}") = "tests", "tests", "{0DF2BA87-8067-4155-B23B-A93865E335C5}"
EndProject
Project("{FAE04EC0-301F-11D3-BF4B-00C04F79EFBC}") = "TransactionService.UnitTests", "tests\TransactionService.UnitTests\TransactionService.UnitTests.csproj", "{81C3435B-D5A9-4AA7-A6AD-920F88FE7C7D}"
EndProject
Global
	GlobalSection(SolutionConfigurationPlatforms) = preSolution
		Debug|Any CPU = Debug|Any CPU
		Release|Any CPU = Release|Any CPU
	EndGlobalSection
	GlobalSection(SolutionProperties) = preSolution
		HideSolutionNode = FALSE
	EndGlobalSection
	GlobalSection(ProjectConfigurationPlatforms) = postSolution
		{B095EB4C-66E5-4409-BB41-2B0F033DBA1C}.Debug|Any CPU.ActiveCfg = Debug|Any CPU
		{B095EB4C-66E5-4409-BB41-2B0F033DBA1C}.Debug|Any CPU.Build.0 = Debug|Any CPU
		{B095EB4C-66E5-4409-BB41-2B0F033DBA1C}.Release|Any CPU.ActiveCfg = Release|Any CPU
		{B095EB4C-66E5-4409-BB41-2B0F033DBA1C}.Release|Any CPU.Build.0 = Release|Any CPU
		{3FBF2109-9C01-4365-93E4-5E350498BF6E}.Debug|Any CPU.ActiveCfg = Debug|Any CPU
		{3FBF2109-9C01-4365-93E4-5E350498BF6E}.Debug|Any CPU.Build.0 = Debug|Any CPU
		{3FBF2109-9C01-4365-93E4-5E350498BF6E}.Release|Any CPU.ActiveCfg = Release|Any CPU
		{3FBF2109-9C01-4365-93E4-5E350498BF6E}.Release|Any CPU.Build.0 = Release|Any CPU
		{5D9ED762-993B-4EC8-ADA1-B756B88F49B5}.Debug|Any CPU.ActiveCfg = Debug|Any CPU
		{5D9ED762-993B-4EC8-ADA1-B756B88F49B5}.Debug|Any CPU.Build.0 = Debug|Any CPU
		{5D9ED762-993B-4EC8-ADA1-B756B88F49B5}.Release|Any CPU.ActiveCfg = Release|Any CPU
		{5D9ED762-993B-4EC8-ADA1-B756B88F49B5}.Release|Any CPU.Build.0 = Release|Any CPU
		{377AF8B5-8B31-4F94-AC04-E3E1799643F9}.Debug|Any CPU.ActiveCfg = Debug|Any CPU
		{377AF8B5-8B31-4F94-AC04-E3E1799643F9}.Debug|Any CPU.Build.0 = Debug|Any CPU
		{377AF8B5-8B31-4F94-AC04-E3E1799643F9}.Release|Any CPU.ActiveCfg = Release|Any CPU
		{377AF8B5-8B31-4F94-AC04-E3E1799643F9}.Release|Any CPU.Build.0 = Release|Any CPU
		{81C3435B-D5A9-4AA7-A6AD-920F88FE7C7D}.Debug|Any CPU.ActiveCfg = Debug|Any CPU
		{81C3435B-D5A9-4AA7-A6AD-920F88FE7C7D}.Debug|Any CPU.Build.0 = Debug|Any CPU
		{81C3435B-D5A9-4AA7-A6AD-920F88FE7C7D}.Release|Any CPU.ActiveCfg = Release|Any CPU
		{81C3435B-D5A9-4AA7-A6AD-920F88FE7C7D}.Release|Any CPU.Build.0 = Release|Any CPU
	EndGlobalSection
	GlobalSection(NestedProjects) = preSolution
		{B095EB4C-66E5-4409-BB41-2B0F033DBA1C} = {0043BAED-18DF-4C8D-81F7-8A2016EBCEEF}
		{3FBF2109-9C01-4365-93E4-5E350498BF6E} = {0043BAED-18DF-4C8D-81F7-8A2016EBCEEF}
		{5D9ED762-993B-4EC8-ADA1-B756B88F49B5} = {0043BAED-18DF-4C8D-81F7-8A2016EBCEEF}
		{377AF8B5-8B31-4F94-AC04-E3E1799643F9} = {0043BAED-18DF-4C8D-81F7-8A2016EBCEEF}
		{81C3435B-D5A9-4AA7-A6AD-920F88FE7C7D} = {0DF2BA87-8067-4155-B23B-A93865E335C5}
	EndGlobalSection
EndGlobal
